
Microsoft Visual Studio Solution File, Format Version 12.00
# Visual Studio Version 17
VisualStudioVersion = 17.12.35527.113
MinimumVisualStudioVersion = 10.0.40219.1
Project("{8BC9CEB8-8B4A-11D0-8D11-00A0C91BC942}") = "Program", "Program.vcxproj", "{4193D214-0FEF-4926-A94E-DB23C7283140}"
EndProject
Project("{8BC9CEB8-8B4A-11D0-8D11-00A0C91BC942}") = "Class 1th(singleLinkedList)", "..\Class 1th(singleLinkedList)\Class 1th(singleLinkedList).vcxproj", "{958C096E-8F0D-44A8-BB00-A222581B83F3}"
EndProject
Project("{8BC9CEB8-8B4A-11D0-8D11-00A0C91BC942}") = "Class 2th(Double Linked List)", "..\Class 2th(Double Linked List)\Class 2th(Double Linked List).vcxproj", "{27D0A938-0740-4791-A10C-1C8656FE8B55}"
EndProject
Project("{8BC9CEB8-8B4A-11D0-8D11-00A0C91BC942}") = "Class 3th (Circle Linked list)", "..\Class 3th (Circle Linked list)\Class 3th (Circle Linked list).vcxproj", "{65F43999-766C-490A-B02A-CEF6F72EFD88}"
EndProject
Project("{8BC9CEB8-8B4A-11D0-8D11-00A0C91BC942}") = "Class 4th(Stack)", "..\Class 4th(Stack)\Class 4th(Stack).vcxproj", "{54F348D9-0A7B-4D24-BF0E-B5561FC74AE5}"
EndProject
Project("{8BC9CEB8-8B4A-11D0-8D11-00A0C91BC942}") = "Class 5th(Linear Queue)", "..\Class 5th(Linear Queue)\Class 5th(Linear Queue).vcxproj", "{98C51050-61BD-470F-B76C-D29921861EF6}"
EndProject
Project("{8BC9CEB8-8B4A-11D0-8D11-00A0C91BC942}") = "Class 6th (Circle Queue)", "..\Class 6th (Circle Queue)\Class 6th (Circle Queue).vcxproj", "{7F682B99-A649-42C9-9F87-6E28764FF87C}"
EndProject
Project("{8BC9CEB8-8B4A-11D0-8D11-00A0C91BC942}") = "Class 7th(Vector)", "..\Class 7th(Vector)\Class 7th(Vector).vcxproj", "{602C52EF-80DD-43F2-8E29-C3AB0BBE670D}"
EndProject
Project("{8BC9CEB8-8B4A-11D0-8D11-00A0C91BC942}") = "Class 8th(String)", "..\Class 8th(String)\Class 8th(String).vcxproj", "{DC81F5CA-2AC1-4D69-A6B9-BADE96A2B5B5}"
EndProject
Project("{8BC9CEB8-8B4A-11D0-8D11-00A0C91BC942}") = "Class 9th (Hash Table)", "..\Class 9th (Hash Table)\Class 9th (Hash Table).vcxproj", "{5B9792F6-965E-4A45-9CE5-E37D12415784}"
EndProject
Project("{8BC9CEB8-8B4A-11D0-8D11-00A0C91BC942}") = "Class 10th (PriorityQueue)", "..\Class 10th (PriorityQueue)\Class 10th (PriorityQueue).vcxproj", "{4E9D128A-3118-4F93-9DB1-AA0FCB89447C}"
EndProject
Project("{8BC9CEB8-8B4A-11D0-8D11-00A0C91BC942}") = "Class 11th (AdjacencyMatrix)", "..\Class 11th (AdjacencyMatrix)\Class 11th (AdjacencyMatrix).vcxproj", "{CD833DB2-CAB7-4158-B5CC-9FB90ABD6D77}"
EndProject
Global
	GlobalSection(SolutionConfigurationPlatforms) = preSolution
		Debug|x64 = Debug|x64
		Debug|x86 = Debug|x86
		Release|x64 = Release|x64
		Release|x86 = Release|x86
	EndGlobalSection
	GlobalSection(ProjectConfigurationPlatforms) = postSolution
		{4193D214-0FEF-4926-A94E-DB23C7283140}.Debug|x64.ActiveCfg = Debug|x64
		{4193D214-0FEF-4926-A94E-DB23C7283140}.Debug|x64.Build.0 = Debug|x64
		{4193D214-0FEF-4926-A94E-DB23C7283140}.Debug|x86.ActiveCfg = Debug|Win32
		{4193D214-0FEF-4926-A94E-DB23C7283140}.Debug|x86.Build.0 = Debug|Win32
		{4193D214-0FEF-4926-A94E-DB23C7283140}.Release|x64.ActiveCfg = Release|x64
		{4193D214-0FEF-4926-A94E-DB23C7283140}.Release|x64.Build.0 = Release|x64
		{4193D214-0FEF-4926-A94E-DB23C7283140}.Release|x86.ActiveCfg = Release|Win32
		{4193D214-0FEF-4926-A94E-DB23C7283140}.Release|x86.Build.0 = Release|Win32
		{958C096E-8F0D-44A8-BB00-A222581B83F3}.Debug|x64.ActiveCfg = Debug|x64
		{958C096E-8F0D-44A8-BB00-A222581B83F3}.Debug|x64.Build.0 = Debug|x64
		{958C096E-8F0D-44A8-BB00-A222581B83F3}.Debug|x86.ActiveCfg = Debug|Win32
		{958C096E-8F0D-44A8-BB00-A222581B83F3}.Debug|x86.Build.0 = Debug|Win32
		{958C096E-8F0D-44A8-BB00-A222581B83F3}.Release|x64.ActiveCfg = Release|x64
		{958C096E-8F0D-44A8-BB00-A222581B83F3}.Release|x64.Build.0 = Release|x64
		{958C096E-8F0D-44A8-BB00-A222581B83F3}.Release|x86.ActiveCfg = Release|Win32
		{958C096E-8F0D-44A8-BB00-A222581B83F3}.Release|x86.Build.0 = Release|Win32
		{27D0A938-0740-4791-A10C-1C8656FE8B55}.Debug|x64.ActiveCfg = Debug|x64
		{27D0A938-0740-4791-A10C-1C8656FE8B55}.Debug|x64.Build.0 = Debug|x64
		{27D0A938-0740-4791-A10C-1C8656FE8B55}.Debug|x86.ActiveCfg = Debug|Win32
		{27D0A938-0740-4791-A10C-1C8656FE8B55}.Debug|x86.Build.0 = Debug|Win32
		{27D0A938-0740-4791-A10C-1C8656FE8B55}.Release|x64.ActiveCfg = Release|x64
		{27D0A938-0740-4791-A10C-1C8656FE8B55}.Release|x64.Build.0 = Release|x64
		{27D0A938-0740-4791-A10C-1C8656FE8B55}.Release|x86.ActiveCfg = Release|Win32
		{27D0A938-0740-4791-A10C-1C8656FE8B55}.Release|x86.Build.0 = Release|Win32
		{65F43999-766C-490A-B02A-CEF6F72EFD88}.Debug|x64.ActiveCfg = Debug|x64
		{65F43999-766C-490A-B02A-CEF6F72EFD88}.Debug|x64.Build.0 = Debug|x64
		{65F43999-766C-490A-B02A-CEF6F72EFD88}.Debug|x86.ActiveCfg = Debug|Win32
		{65F43999-766C-490A-B02A-CEF6F72EFD88}.Debug|x86.Build.0 = Debug|Win32
		{65F43999-766C-490A-B02A-CEF6F72EFD88}.Release|x64.ActiveCfg = Release|x64
		{65F43999-766C-490A-B02A-CEF6F72EFD88}.Release|x64.Build.0 = Release|x64
		{65F43999-766C-490A-B02A-CEF6F72EFD88}.Release|x86.ActiveCfg = Release|Win32
		{65F43999-766C-490A-B02A-CEF6F72EFD88}.Release|x86.Build.0 = Release|Win32
		{54F348D9-0A7B-4D24-BF0E-B5561FC74AE5}.Debug|x64.ActiveCfg = Debug|x64
		{54F348D9-0A7B-4D24-BF0E-B5561FC74AE5}.Debug|x64.Build.0 = Debug|x64
		{54F348D9-0A7B-4D24-BF0E-B5561FC74AE5}.Debug|x86.ActiveCfg = Debug|Win32
		{54F348D9-0A7B-4D24-BF0E-B5561FC74AE5}.Debug|x86.Build.0 = Debug|Win32
		{54F348D9-0A7B-4D24-BF0E-B5561FC74AE5}.Release|x64.ActiveCfg = Release|x64
		{54F348D9-0A7B-4D24-BF0E-B5561FC74AE5}.Release|x64.Build.0 = Release|x64
		{54F348D9-0A7B-4D24-BF0E-B5561FC74AE5}.Release|x86.ActiveCfg = Release|Win32
		{54F348D9-0A7B-4D24-BF0E-B5561FC74AE5}.Release|x86.Build.0 = Release|Win32
		{98C51050-61BD-470F-B76C-D29921861EF6}.Debug|x64.ActiveCfg = Debug|x64
		{98C51050-61BD-470F-B76C-D29921861EF6}.Debug|x64.Build.0 = Debug|x64
		{98C51050-61BD-470F-B76C-D29921861EF6}.Debug|x86.ActiveCfg = Debug|Win32
		{98C51050-61BD-470F-B76C-D29921861EF6}.Debug|x86.Build.0 = Debug|Win32
		{98C51050-61BD-470F-B76C-D29921861EF6}.Release|x64.ActiveCfg = Release|x64
		{98C51050-61BD-470F-B76C-D29921861EF6}.Release|x64.Build.0 = Release|x64
		{98C51050-61BD-470F-B76C-D29921861EF6}.Release|x86.ActiveCfg = Release|Win32
		{98C51050-61BD-470F-B76C-D29921861EF6}.Release|x86.Build.0 = Release|Win32
		{7F682B99-A649-42C9-9F87-6E28764FF87C}.Debug|x64.ActiveCfg = Debug|x64
		{7F682B99-A649-42C9-9F87-6E28764FF87C}.Debug|x64.Build.0 = Debug|x64
		{7F682B99-A649-42C9-9F87-6E28764FF87C}.Debug|x86.ActiveCfg = Debug|Win32
		{7F682B99-A649-42C9-9F87-6E28764FF87C}.Debug|x86.Build.0 = Debug|Win32
		{7F682B99-A649-42C9-9F87-6E28764FF87C}.Release|x64.ActiveCfg = Release|x64
		{7F682B99-A649-42C9-9F87-6E28764FF87C}.Release|x64.Build.0 = Release|x64
		{7F682B99-A649-42C9-9F87-6E28764FF87C}.Release|x86.ActiveCfg = Release|Win32
		{7F682B99-A649-42C9-9F87-6E28764FF87C}.Release|x86.Build.0 = Release|Win32
		{602C52EF-80DD-43F2-8E29-C3AB0BBE670D}.Debug|x64.ActiveCfg = Debug|x64
		{602C52EF-80DD-43F2-8E29-C3AB0BBE670D}.Debug|x64.Build.0 = Debug|x64
		{602C52EF-80DD-43F2-8E29-C3AB0BBE670D}.Debug|x86.ActiveCfg = Debug|Win32
		{602C52EF-80DD-43F2-8E29-C3AB0BBE670D}.Debug|x86.Build.0 = Debug|Win32
		{602C52EF-80DD-43F2-8E29-C3AB0BBE670D}.Release|x64.ActiveCfg = Release|x64
		{602C52EF-80DD-43F2-8E29-C3AB0BBE670D}.Release|x64.Build.0 = Release|x64
		{602C52EF-80DD-43F2-8E29-C3AB0BBE670D}.Release|x86.ActiveCfg = Release|Win32
		{602C52EF-80DD-43F2-8E29-C3AB0BBE670D}.Release|x86.Build.0 = Release|Win32
		{DC81F5CA-2AC1-4D69-A6B9-BADE96A2B5B5}.Debug|x64.ActiveCfg = Debug|x64
		{DC81F5CA-2AC1-4D69-A6B9-BADE96A2B5B5}.Debug|x64.Build.0 = Debug|x64
		{DC81F5CA-2AC1-4D69-A6B9-BADE96A2B5B5}.Debug|x86.ActiveCfg = Debug|Win32
		{DC81F5CA-2AC1-4D69-A6B9-BADE96A2B5B5}.Debug|x86.Build.0 = Debug|Win32
		{DC81F5CA-2AC1-4D69-A6B9-BADE96A2B5B5}.Release|x64.ActiveCfg = Release|x64
		{DC81F5CA-2AC1-4D69-A6B9-BADE96A2B5B5}.Release|x64.Build.0 = Release|x64
		{DC81F5CA-2AC1-4D69-A6B9-BADE96A2B5B5}.Release|x86.ActiveCfg = Release|Win32
		{DC81F5CA-2AC1-4D69-A6B9-BADE96A2B5B5}.Release|x86.Build.0 = Release|Win32
		{5B9792F6-965E-4A45-9CE5-E37D12415784}.Debug|x64.ActiveCfg = Debug|x64
		{5B9792F6-965E-4A45-9CE5-E37D12415784}.Debug|x64.Build.0 = Debug|x64
		{5B9792F6-965E-4A45-9CE5-E37D12415784}.Debug|x86.ActiveCfg = Debug|Win32
		{5B9792F6-965E-4A45-9CE5-E37D12415784}.Debug|x86.Build.0 = Debug|Win32
		{5B9792F6-965E-4A45-9CE5-E37D12415784}.Release|x64.ActiveCfg = Release|x64
		{5B9792F6-965E-4A45-9CE5-E37D12415784}.Release|x64.Build.0 = Release|x64
		{5B9792F6-965E-4A45-9CE5-E37D12415784}.Release|x86.ActiveCfg = Release|Win32
		{5B9792F6-965E-4A45-9CE5-E37D12415784}.Release|x86.Build.0 = Release|Win32
		{4E9D128A-3118-4F93-9DB1-AA0FCB89447C}.Debug|x64.ActiveCfg = Debug|x64
		{4E9D128A-3118-4F93-9DB1-AA0FCB89447C}.Debug|x64.Build.0 = Debug|x64
		{4E9D128A-3118-4F93-9DB1-AA0FCB89447C}.Debug|x86.ActiveCfg = Debug|Win32
		{4E9D128A-3118-4F93-9DB1-AA0FCB89447C}.Debug|x86.Build.0 = Debug|Win32
		{4E9D128A-3118-4F93-9DB1-AA0FCB89447C}.Release|x64.ActiveCfg = Release|x64
		{4E9D128A-3118-4F93-9DB1-AA0FCB89447C}.Release|x64.Build.0 = Release|x64
		{4E9D128A-3118-4F93-9DB1-AA0FCB89447C}.Release|x86.ActiveCfg = Release|Win32
		{4E9D128A-3118-4F93-9DB1-AA0FCB89447C}.Release|x86.Build.0 = Release|Win32
		{CD833DB2-CAB7-4158-B5CC-9FB90ABD6D77}.Debug|x64.ActiveCfg = Debug|x64
		{CD833DB2-CAB7-4158-B5CC-9FB90ABD6D77}.Debug|x64.Build.0 = Debug|x64
		{CD833DB2-CAB7-4158-B5CC-9FB90ABD6D77}.Debug|x86.ActiveCfg = Debug|Win32
		{CD833DB2-CAB7-4158-B5CC-9FB90ABD6D77}.Debug|x86.Build.0 = Debug|Win32
		{CD833DB2-CAB7-4158-B5CC-9FB90ABD6D77}.Release|x64.ActiveCfg = Release|x64
		{CD833DB2-CAB7-4158-B5CC-9FB90ABD6D77}.Release|x64.Build.0 = Release|x64
		{CD833DB2-CAB7-4158-B5CC-9FB90ABD6D77}.Release|x86.ActiveCfg = Release|Win32
		{CD833DB2-CAB7-4158-B5CC-9FB90ABD6D77}.Release|x86.Build.0 = Release|Win32
	EndGlobalSection
	GlobalSection(SolutionProperties) = preSolution
		HideSolutionNode = FALSE
	EndGlobalSection
EndGlobal
